
Microsoft Visual Studio Solution File, Format Version 12.00
# Visual Studio Version 17
VisualStudioVersion = 17.4.33205.214
MinimumVisualStudioVersion = 10.0.40219.1
Project("{FAE04EC0-301F-11D3-BF4B-00C04F79EFBC}") = "gi-rougelike-1", "gi-rougelike-1\gi-rougelike-1.csproj", "{5DDC3762-843D-457D-92BB-116AD8698435}"
EndProject
Global
	GlobalSection(SolutionConfigurationPlatforms) = preSolution
		Debug|Any CPU = Debug|Any CPU
		Release|Any CPU = Release|Any CPU
	EndGlobalSection
	GlobalSection(ProjectConfigurationPlatforms) = postSolution
		{5DDC3762-843D-457D-92BB-116AD8698435}.Debug|Any CPU.ActiveCfg = Debug|Any CPU
		{5DDC3762-843D-457D-92BB-116AD8698435}.Debug|Any CPU.Build.0 = Debug|Any CPU
		{5DDC3762-843D-457D-92BB-116AD8698435}.Release|Any CPU.ActiveCfg = Release|Any CPU
		{5DDC3762-843D-457D-92BB-116AD8698435}.Release|Any CPU.Build.0 = Release|Any CPU
	EndGlobalSection
	GlobalSection(SolutionProperties) = preSolution
		HideSolutionNode = FALSE
	EndGlobalSection
	GlobalSection(ExtensibilityGlobals) = postSolution
		SolutionGuid = {EBF56E23-F043-43DC-A8C2-09B97AFF25E9}
	EndGlobalSection
EndGlobal
